// !$*UTF8*$!
{
	archiveVersion = 1;
	classes = {
	};
	objectVersion = 46;
	objects = {

/* Begin PBXBuildFile section */
		4566D77D1ED96D730055DC8F /* KKRecorder.swift in Sources */ = {isa = PBXBuildFile; fileRef = 4566D77C1ED96D730055DC8F /* KKRecorder.swift */; };
		457894091F795D87007D7D59 /* KKInstrumentViewController.swift in Sources */ = {isa = PBXBuildFile; fileRef = 457894081F795D87007D7D59 /* KKInstrumentViewController.swift */; };
		4578940D1F796888007D7D59 /* main.swift in Sources */ = {isa = PBXBuildFile; fileRef = 4578940C1F796888007D7D59 /* main.swift */; };
		525873E41C76B511003E9DBB /* AppDelegate.swift in Sources */ = {isa = PBXBuildFile; fileRef = 525873E31C76B511003E9DBB /* AppDelegate.swift */; };
		525873E81C76B511003E9DBB /* Assets.xcassets in Resources */ = {isa = PBXBuildFile; fileRef = 525873E71C76B511003E9DBB /* Assets.xcassets */; };
		525873F31C76CD5C003E9DBB /* KKWindow.swift in Sources */ = {isa = PBXBuildFile; fileRef = 525873F21C76CD5C003E9DBB /* KKWindow.swift */; };
		525873F51C76EA6D003E9DBB /* KKInstrument.swift in Sources */ = {isa = PBXBuildFile; fileRef = 525873F41C76EA6D003E9DBB /* KKInstrument.swift */; };
		D24C8D76782F1F9D7670C14B /* Pods_KeyboardKeyboard.framework in Frameworks */ = {isa = PBXBuildFile; fileRef = 18CAFE9AB0A0E7702DA19550 /* Pods_KeyboardKeyboard.framework */; };
/* End PBXBuildFile section */

/* Begin PBXCopyFilesBuildPhase section */
		4527E4FF1E793B2B00D7AD2D /* Embed Frameworks */ = {
			isa = PBXCopyFilesBuildPhase;
			buildActionMask = 2147483647;
			dstPath = "";
			dstSubfolderSpec = 10;
			files = (
			);
			name = "Embed Frameworks";
			runOnlyForDeploymentPostprocessing = 0;
		};
/* End PBXCopyFilesBuildPhase section */

/* Begin PBXFileReference section */
		18CAFE9AB0A0E7702DA19550 /* Pods_KeyboardKeyboard.framework */ = {isa = PBXFileReference; explicitFileType = wrapper.framework; includeInIndex = 0; path = Pods_KeyboardKeyboard.framework; sourceTree = BUILT_PRODUCTS_DIR; };
		4566D77C1ED96D730055DC8F /* KKRecorder.swift */ = {isa = PBXFileReference; fileEncoding = 4; lastKnownFileType = sourcecode.swift; path = KKRecorder.swift; sourceTree = "<group>"; };
		457894081F795D87007D7D59 /* KKInstrumentViewController.swift */ = {isa = PBXFileReference; lastKnownFileType = sourcecode.swift; path = KKInstrumentViewController.swift; sourceTree = "<group>"; };
		4578940C1F796888007D7D59 /* main.swift */ = {isa = PBXFileReference; lastKnownFileType = sourcecode.swift; path = main.swift; sourceTree = "<group>"; };
		4833408AE8D1580FE86CA901 /* Pods-KeyboardKeyboard.release.xcconfig */ = {isa = PBXFileReference; includeInIndex = 1; lastKnownFileType = text.xcconfig; name = "Pods-KeyboardKeyboard.release.xcconfig"; path = "Pods/Target Support Files/Pods-KeyboardKeyboard/Pods-KeyboardKeyboard.release.xcconfig"; sourceTree = "<group>"; };
		525873E01C76B511003E9DBB /* KeyboardKeyboard.app */ = {isa = PBXFileReference; explicitFileType = wrapper.application; includeInIndex = 0; path = KeyboardKeyboard.app; sourceTree = BUILT_PRODUCTS_DIR; };
		525873E31C76B511003E9DBB /* AppDelegate.swift */ = {isa = PBXFileReference; lastKnownFileType = sourcecode.swift; path = AppDelegate.swift; sourceTree = "<group>"; };
		525873E71C76B511003E9DBB /* Assets.xcassets */ = {isa = PBXFileReference; lastKnownFileType = folder.assetcatalog; path = Assets.xcassets; sourceTree = "<group>"; };
		525873EC1C76B511003E9DBB /* Info.plist */ = {isa = PBXFileReference; lastKnownFileType = text.plist.xml; path = Info.plist; sourceTree = "<group>"; };
		525873F21C76CD5C003E9DBB /* KKWindow.swift */ = {isa = PBXFileReference; fileEncoding = 4; lastKnownFileType = sourcecode.swift; path = KKWindow.swift; sourceTree = "<group>"; };
		525873F41C76EA6D003E9DBB /* KKInstrument.swift */ = {isa = PBXFileReference; fileEncoding = 4; lastKnownFileType = sourcecode.swift; path = KKInstrument.swift; sourceTree = "<group>"; };
		EED2F4A012AC9FBB5B7B4262 /* Pods-KeyboardKeyboard.debug.xcconfig */ = {isa = PBXFileReference; includeInIndex = 1; lastKnownFileType = text.xcconfig; name = "Pods-KeyboardKeyboard.debug.xcconfig"; path = "Pods/Target Support Files/Pods-KeyboardKeyboard/Pods-KeyboardKeyboard.debug.xcconfig"; sourceTree = "<group>"; };
/* End PBXFileReference section */

/* Begin PBXFrameworksBuildPhase section */
		525873DD1C76B511003E9DBB /* Frameworks */ = {
			isa = PBXFrameworksBuildPhase;
			buildActionMask = 2147483647;
			files = (
				D24C8D76782F1F9D7670C14B /* Pods_KeyboardKeyboard.framework in Frameworks */,
			);
			runOnlyForDeploymentPostprocessing = 0;
		};
/* End PBXFrameworksBuildPhase section */

/* Begin PBXGroup section */
		525873D71C76B511003E9DBB = {
			isa = PBXGroup;
			children = (
				525873E21C76B511003E9DBB /* KeyboardKeyboard */,
				525873E11C76B511003E9DBB /* Products */,
				5E6B13B6033D846640F317AB /* Frameworks */,
				9BF4190C7F31530847080E14 /* Pods */,
			);
			sourceTree = "<group>";
		};
		525873E11C76B511003E9DBB /* Products */ = {
			isa = PBXGroup;
			children = (
				525873E01C76B511003E9DBB /* KeyboardKeyboard.app */,
			);
			name = Products;
			sourceTree = "<group>";
		};
		525873E21C76B511003E9DBB /* KeyboardKeyboard */ = {
			isa = PBXGroup;
			children = (
				525873E31C76B511003E9DBB /* AppDelegate.swift */,
				457894081F795D87007D7D59 /* KKInstrumentViewController.swift */,
				525873F21C76CD5C003E9DBB /* KKWindow.swift */,
				525873F41C76EA6D003E9DBB /* KKInstrument.swift */,
				4566D77C1ED96D730055DC8F /* KKRecorder.swift */,
				4578940C1F796888007D7D59 /* main.swift */,
				525873E71C76B511003E9DBB /* Assets.xcassets */,
				525873EC1C76B511003E9DBB /* Info.plist */,
			);
			path = KeyboardKeyboard;
			sourceTree = "<group>";
		};
		5E6B13B6033D846640F317AB /* Frameworks */ = {
			isa = PBXGroup;
			children = (
				18CAFE9AB0A0E7702DA19550 /* Pods_KeyboardKeyboard.framework */,
			);
			name = Frameworks;
			sourceTree = "<group>";
		};
		9BF4190C7F31530847080E14 /* Pods */ = {
			isa = PBXGroup;
			children = (
				EED2F4A012AC9FBB5B7B4262 /* Pods-KeyboardKeyboard.debug.xcconfig */,
				4833408AE8D1580FE86CA901 /* Pods-KeyboardKeyboard.release.xcconfig */,
			);
			name = Pods;
			sourceTree = "<group>";
		};
/* End PBXGroup section */

/* Begin PBXNativeTarget section */
		525873DF1C76B511003E9DBB /* KeyboardKeyboard */ = {
			isa = PBXNativeTarget;
			buildConfigurationList = 525873EF1C76B511003E9DBB /* Build configuration list for PBXNativeTarget "KeyboardKeyboard" */;
			buildPhases = (
				BDE02576720889E03DD46E8F /* [CP] Check Pods Manifest.lock */,
				525873DC1C76B511003E9DBB /* Sources */,
				525873DD1C76B511003E9DBB /* Frameworks */,
				525873DE1C76B511003E9DBB /* Resources */,
				F8DD5512F0BD9755114F0605 /* [CP] Embed Pods Frameworks */,
				4527E4FF1E793B2B00D7AD2D /* Embed Frameworks */,
			);
			buildRules = (
			);
			dependencies = (
			);
			name = KeyboardKeyboard;
			productName = KeyboardKeyboard;
			productReference = 525873E01C76B511003E9DBB /* KeyboardKeyboard.app */;
			productType = "com.apple.product-type.application";
		};
/* End PBXNativeTarget section */

/* Begin PBXProject section */
		525873D81C76B511003E9DBB /* Project object */ = {
			isa = PBXProject;
			attributes = {
				LastSwiftUpdateCheck = 0720;
				LastUpgradeCheck = 0900;
				ORGANIZATIONNAME = TYKH;
				TargetAttributes = {
					525873DF1C76B511003E9DBB = {
						CreatedOnToolsVersion = 7.2.1;
						LastSwiftMigration = 0900;
						ProvisioningStyle = Manual;
					};
				};
			};
			buildConfigurationList = 525873DB1C76B511003E9DBB /* Build configuration list for PBXProject "KeyboardKeyboard" */;
			compatibilityVersion = "Xcode 3.2";
			developmentRegion = English;
			hasScannedForEncodings = 0;
			knownRegions = (
				English,
				en,
				Base,
			);
			mainGroup = 525873D71C76B511003E9DBB;
			productRefGroup = 525873E11C76B511003E9DBB /* Products */;
			projectDirPath = "";
			projectRoot = "";
			targets = (
				525873DF1C76B511003E9DBB /* KeyboardKeyboard */,
			);
		};
/* End PBXProject section */

/* Begin PBXResourcesBuildPhase section */
		525873DE1C76B511003E9DBB /* Resources */ = {
			isa = PBXResourcesBuildPhase;
			buildActionMask = 2147483647;
			files = (
				525873E81C76B511003E9DBB /* Assets.xcassets in Resources */,
			);
			runOnlyForDeploymentPostprocessing = 0;
		};
/* End PBXResourcesBuildPhase section */

/* Begin PBXShellScriptBuildPhase section */
		BDE02576720889E03DD46E8F /* [CP] Check Pods Manifest.lock */ = {
			isa = PBXShellScriptBuildPhase;
			buildActionMask = 2147483647;
			files = (
			);
			inputPaths = (
				"${PODS_PODFILE_DIR_PATH}/Podfile.lock",
				"${PODS_ROOT}/Manifest.lock",
			);
			name = "[CP] Check Pods Manifest.lock";
			outputPaths = (
				"$(DERIVED_FILE_DIR)/Pods-KeyboardKeyboard-checkManifestLockResult.txt",
			);
			runOnlyForDeploymentPostprocessing = 0;
			shellPath = /bin/sh;
			shellScript = "diff \"${PODS_PODFILE_DIR_PATH}/Podfile.lock\" \"${PODS_ROOT}/Manifest.lock\" > /dev/null\nif [ $? != 0 ] ; then\n    # print error to STDERR\n    echo \"error: The sandbox is not in sync with the Podfile.lock. Run 'pod install' or update your CocoaPods installation.\" >&2\n    exit 1\nfi\n# This output is used by Xcode 'outputs' to avoid re-running this script phase.\necho \"SUCCESS\" > \"${SCRIPT_OUTPUT_FILE_0}\"\n";
			showEnvVarsInLog = 0;
		};
		F8DD5512F0BD9755114F0605 /* [CP] Embed Pods Frameworks */ = {
			isa = PBXShellScriptBuildPhase;
			buildActionMask = 2147483647;
			files = (
			);
			inputPaths = (
				"${PODS_ROOT}/Target Support Files/Pods-KeyboardKeyboard/Pods-KeyboardKeyboard-frameworks.sh",
				"${BUILT_PRODUCTS_DIR}/SnapKit/SnapKit.framework",
			);
			name = "[CP] Embed Pods Frameworks";
			outputPaths = (
				"${TARGET_BUILD_DIR}/${FRAMEWORKS_FOLDER_PATH}/SnapKit.framework",
			);
			runOnlyForDeploymentPostprocessing = 0;
			shellPath = /bin/sh;
			shellScript = "\"${PODS_ROOT}/Target Support Files/Pods-KeyboardKeyboard/Pods-KeyboardKeyboard-frameworks.sh\"\n";
			showEnvVarsInLog = 0;
		};
/* End PBXShellScriptBuildPhase section */

/* Begin PBXSourcesBuildPhase section */
		525873DC1C76B511003E9DBB /* Sources */ = {
			isa = PBXSourcesBuildPhase;
			buildActionMask = 2147483647;
			files = (
				525873F51C76EA6D003E9DBB /* KKInstrument.swift in Sources */,
				525873E41C76B511003E9DBB /* AppDelegate.swift in Sources */,
				525873F31C76CD5C003E9DBB /* KKWindow.swift in Sources */,
				457894091F795D87007D7D59 /* KKInstrumentViewController.swift in Sources */,
				4578940D1F796888007D7D59 /* main.swift in Sources */,
				4566D77D1ED96D730055DC8F /* KKRecorder.swift in Sources */,
			);
			runOnlyForDeploymentPostprocessing = 0;
		};
/* End PBXSourcesBuildPhase section */

/* Begin XCBuildConfiguration section */
		525873ED1C76B511003E9DBB /* Debug */ = {
			isa = XCBuildConfiguration;
			buildSettings = {
				ALWAYS_SEARCH_USER_PATHS = NO;
				CLANG_CXX_LANGUAGE_STANDARD = "gnu++0x";
				CLANG_CXX_LIBRARY = "libc++";
				CLANG_ENABLE_MODULES = YES;
				CLANG_ENABLE_OBJC_ARC = YES;
				CLANG_WARN_BLOCK_CAPTURE_AUTORELEASING = YES;
				CLANG_WARN_BOOL_CONVERSION = YES;
				CLANG_WARN_COMMA = YES;
				CLANG_WARN_CONSTANT_CONVERSION = YES;
				CLANG_WARN_DIRECT_OBJC_ISA_USAGE = YES_ERROR;
				CLANG_WARN_EMPTY_BODY = YES;
				CLANG_WARN_ENUM_CONVERSION = YES;
				CLANG_WARN_INFINITE_RECURSION = YES;
				CLANG_WARN_INT_CONVERSION = YES;
				CLANG_WARN_NON_LITERAL_NULL_CONVERSION = YES;
				CLANG_WARN_OBJC_LITERAL_CONVERSION = YES;
				CLANG_WARN_OBJC_ROOT_CLASS = YES_ERROR;
				CLANG_WARN_RANGE_LOOP_ANALYSIS = YES;
				CLANG_WARN_STRICT_PROTOTYPES = YES;
				CLANG_WARN_SUSPICIOUS_MOVE = YES;
				CLANG_WARN_UNREACHABLE_CODE = YES;
				CLANG_WARN__DUPLICATE_METHOD_MATCH = YES;
				CODE_SIGN_IDENTITY = "-";
				COPY_PHASE_STRIP = NO;
				DEBUG_INFORMATION_FORMAT = dwarf;
				ENABLE_STRICT_OBJC_MSGSEND = YES;
				ENABLE_TESTABILITY = YES;
				GCC_C_LANGUAGE_STANDARD = gnu99;
				GCC_DYNAMIC_NO_PIC = NO;
				GCC_NO_COMMON_BLOCKS = YES;
				GCC_OPTIMIZATION_LEVEL = 0;
				GCC_PREPROCESSOR_DEFINITIONS = (
					"DEBUG=1",
					"$(inherited)",
				);
				GCC_WARN_64_TO_32_BIT_CONVERSION = YES;
				GCC_WARN_ABOUT_RETURN_TYPE = YES_ERROR;
				GCC_WARN_UNDECLARED_SELECTOR = YES;
				GCC_WARN_UNINITIALIZED_AUTOS = YES_AGGRESSIVE;
				GCC_WARN_UNUSED_FUNCTION = YES;
				GCC_WARN_UNUSED_VARIABLE = YES;
				MACOSX_DEPLOYMENT_TARGET = 10.11;
				MTL_ENABLE_DEBUG_INFO = YES;
				ONLY_ACTIVE_ARCH = YES;
				SDKROOT = macosx;
				SWIFT_OPTIMIZATION_LEVEL = "-Onone";
				SWIFT_VERSION = 4.0;
			};
			name = Debug;
		};
		525873EE1C76B511003E9DBB /* Release */ = {
			isa = XCBuildConfiguration;
			buildSettings = {
				ALWAYS_SEARCH_USER_PATHS = NO;
				CLANG_CXX_LANGUAGE_STANDARD = "gnu++0x";
				CLANG_CXX_LIBRARY = "libc++";
				CLANG_ENABLE_MODULES = YES;
				CLANG_ENABLE_OBJC_ARC = YES;
				CLANG_WARN_BLOCK_CAPTURE_AUTORELEASING = YES;
				CLANG_WARN_BOOL_CONVERSION = YES;
				CLANG_WARN_COMMA = YES;
				CLANG_WARN_CONSTANT_CONVERSION = YES;
				CLANG_WARN_DIRECT_OBJC_ISA_USAGE = YES_ERROR;
				CLANG_WARN_EMPTY_BODY = YES;
				CLANG_WARN_ENUM_CONVERSION = YES;
				CLANG_WARN_INFINITE_RECURSION = YES;
				CLANG_WARN_INT_CONVERSION = YES;
				CLANG_WARN_NON_LITERAL_NULL_CONVERSION = YES;
				CLANG_WARN_OBJC_LITERAL_CONVERSION = YES;
				CLANG_WARN_OBJC_ROOT_CLASS = YES_ERROR;
				CLANG_WARN_RANGE_LOOP_ANALYSIS = YES;
				CLANG_WARN_STRICT_PROTOTYPES = YES;
				CLANG_WARN_SUSPICIOUS_MOVE = YES;
				CLANG_WARN_UNREACHABLE_CODE = YES;
				CLANG_WARN__DUPLICATE_METHOD_MATCH = YES;
				CODE_SIGN_IDENTITY = "-";
				COPY_PHASE_STRIP = NO;
				DEBUG_INFORMATION_FORMAT = "dwarf-with-dsym";
				ENABLE_NS_ASSERTIONS = NO;
				ENABLE_STRICT_OBJC_MSGSEND = YES;
				GCC_C_LANGUAGE_STANDARD = gnu99;
				GCC_NO_COMMON_BLOCKS = YES;
				GCC_WARN_64_TO_32_BIT_CONVERSION = YES;
				GCC_WARN_ABOUT_RETURN_TYPE = YES_ERROR;
				GCC_WARN_UNDECLARED_SELECTOR = YES;
				GCC_WARN_UNINITIALIZED_AUTOS = YES_AGGRESSIVE;
				GCC_WARN_UNUSED_FUNCTION = YES;
				GCC_WARN_UNUSED_VARIABLE = YES;
				MACOSX_DEPLOYMENT_TARGET = 10.11;
				MTL_ENABLE_DEBUG_INFO = NO;
				SDKROOT = macosx;
				SWIFT_OPTIMIZATION_LEVEL = "-Owholemodule";
				SWIFT_VERSION = 4.0;
			};
			name = Release;
		};
		525873F01C76B511003E9DBB /* Debug */ = {
			isa = XCBuildConfiguration;
			baseConfigurationReference = EED2F4A012AC9FBB5B7B4262 /* Pods-KeyboardKeyboard.debug.xcconfig */;
			buildSettings = {
				ASSETCATALOG_COMPILER_APPICON_NAME = AppIcon;
				CODE_SIGN_IDENTITY = "-";
				CODE_SIGN_STYLE = Manual;
				COMBINE_HIDPI_IMAGES = YES;
				DEVELOPMENT_TEAM = "";
				FRAMEWORK_SEARCH_PATHS = (
					"$(inherited)",
					"$(PROJECT_DIR)/Pods/AudioKit/macOS",
					"${SRCROOT}/Pods/**",
					"$(PROJECT_DIR)/Frameworks",
				);
				INFOPLIST_FILE = KeyboardKeyboard/Info.plist;
				LD_RUNPATH_SEARCH_PATHS = "$(inherited) @executable_path/../Frameworks";
				MACOSX_DEPLOYMENT_TARGET = 10.12;
				PRODUCT_BUNDLE_IDENTIFIER = TYKH.KeyboardKeyboard;
				PRODUCT_NAME = "$(TARGET_NAME)";
				PROVISIONING_PROFILE = "";
				PROVISIONING_PROFILE_SPECIFIER = "";
				SWIFT_SWIFT3_OBJC_INFERENCE = On;
				SWIFT_VERSION = 4.0;
			};
			name = Debug;
		};
		525873F11C76B511003E9DBB /* Release */ = {
			isa = XCBuildConfiguration;
			baseConfigurationReference = 4833408AE8D1580FE86CA901 /* Pods-KeyboardKeyboard.release.xcconfig */;
			buildSettings = {
				ASSETCATALOG_COMPILER_APPICON_NAME = AppIcon;
				CODE_SIGN_IDENTITY = "-";
				CODE_SIGN_STYLE = Manual;
				COMBINE_HIDPI_IMAGES = YES;
				DEVELOPMENT_TEAM = "";
				FRAMEWORK_SEARCH_PATHS = (
					"$(inherited)",
					"$(PROJECT_DIR)/Pods/AudioKit/macOS",
					"${SRCROOT}/Pods/**",
					"$(PROJECT_DIR)/Frameworks",
				);
				INFOPLIST_FILE = KeyboardKeyboard/Info.plist;
				LD_RUNPATH_SEARCH_PATHS = "$(inherited) @executable_path/../Frameworks";
				MACOSX_DEPLOYMENT_TARGET = 10.12;
				PRODUCT_BUNDLE_IDENTIFIER = TYKH.KeyboardKeyboard;
				PRODUCT_NAME = "$(TARGET_NAME)";
				PROVISIONING_PROFILE = "";
				PROVISIONING_PROFILE_SPECIFIER = "";
				SWIFT_SWIFT3_OBJC_INFERENCE = On;
				SWIFT_VERSION = 4.0;
			};
			name = Release;
		};
/* End XCBuildConfiguration section */

/* Begin XCConfigurationList section */
		525873DB1C76B511003E9DBB /* Build configuration list for PBXProject "KeyboardKeyboard" */ = {
			isa = XCConfigurationList;
			buildConfigurations = (
				525873ED1C76B511003E9DBB /* Debug */,
				525873EE1C76B511003E9DBB /* Release */,
			);
			defaultConfigurationIsVisible = 0;
			defaultConfigurationName = Release;
		};
		525873EF1C76B511003E9DBB /* Build configuration list for PBXNativeTarget "KeyboardKeyboard" */ = {
			isa = XCConfigurationList;
			buildConfigurations = (
				525873F01C76B511003E9DBB /* Debug */,
				525873F11C76B511003E9DBB /* Release */,
			);
			defaultConfigurationIsVisible = 0;
			defaultConfigurationName = Release;
		};
/* End XCConfigurationList section */
	};
	rootObject = 525873D81C76B511003E9DBB /* Project object */;
}
