// !$*UTF8*$!
{
	archiveVersion = 1;
	classes = {
	};
	objectVersion = 46;
	objects = {

/* Begin PBXBuildFile section */
		525873E41C76B511003E9DBB /* AppDelegate.swift in Sources */ = {isa = PBXBuildFile; fileRef = 525873E31C76B511003E9DBB /* AppDelegate.swift */; };
		525873E81C76B511003E9DBB /* Assets.xcassets in Resources */ = {isa = PBXBuildFile; fileRef = 525873E71C76B511003E9DBB /* Assets.xcassets */; };
		525873EB1C76B511003E9DBB /* Main.storyboard in Resources */ = {isa = PBXBuildFile; fileRef = 525873E91C76B511003E9DBB /* Main.storyboard */; };
		525873F31C76CD5C003E9DBB /* KKWindow.swift in Sources */ = {isa = PBXBuildFile; fileRef = 525873F21C76CD5C003E9DBB /* KKWindow.swift */; };
		525873F51C76EA6D003E9DBB /* KKInstrument.swift in Sources */ = {isa = PBXBuildFile; fileRef = 525873F41C76EA6D003E9DBB /* KKInstrument.swift */; };
		525873F71C7B1B05003E9DBB /* KKPWMViewController.swift in Sources */ = {isa = PBXBuildFile; fileRef = 525873F61C7B1B05003E9DBB /* KKPWMViewController.swift */; };
		525873F91C7B1B77003E9DBB /* KKSawtoothViewController.swift in Sources */ = {isa = PBXBuildFile; fileRef = 525873F81C7B1B77003E9DBB /* KKSawtoothViewController.swift */; };
		525873FF1C7C3E65003E9DBB /* KKSineWaveViewController.swift in Sources */ = {isa = PBXBuildFile; fileRef = 525873FE1C7C3E65003E9DBB /* KKSineWaveViewController.swift */; };
		525874011C7C4042003E9DBB /* KKTriangleViewController.swift in Sources */ = {isa = PBXBuildFile; fileRef = 525874001C7C4042003E9DBB /* KKTriangleViewController.swift */; };
		BA597A13CC64176D16E4B924 /* Pods_KeyboardKeyboard.framework in Frameworks */ = {isa = PBXBuildFile; fileRef = F102D6D16A5453B3E1611F61 /* Pods_KeyboardKeyboard.framework */; };
/* End PBXBuildFile section */

/* Begin PBXFileReference section */
		05A38F40AA7BF3E80390D36B /* Pods.debug.xcconfig */ = {isa = PBXFileReference; includeInIndex = 1; lastKnownFileType = text.xcconfig; name = Pods.debug.xcconfig; path = "Pods/Target Support Files/Pods/Pods.debug.xcconfig"; sourceTree = "<group>"; };
		37D59322E1720C7290938901 /* Pods-KeyboardKeyboard.debug.xcconfig */ = {isa = PBXFileReference; includeInIndex = 1; lastKnownFileType = text.xcconfig; name = "Pods-KeyboardKeyboard.debug.xcconfig"; path = "Pods/Target Support Files/Pods-KeyboardKeyboard/Pods-KeyboardKeyboard.debug.xcconfig"; sourceTree = "<group>"; };
		525873E01C76B511003E9DBB /* KeyboardKeyboard.app */ = {isa = PBXFileReference; explicitFileType = wrapper.application; includeInIndex = 0; path = KeyboardKeyboard.app; sourceTree = BUILT_PRODUCTS_DIR; };
		525873E31C76B511003E9DBB /* AppDelegate.swift */ = {isa = PBXFileReference; lastKnownFileType = sourcecode.swift; path = AppDelegate.swift; sourceTree = "<group>"; };
		525873E71C76B511003E9DBB /* Assets.xcassets */ = {isa = PBXFileReference; lastKnownFileType = folder.assetcatalog; path = Assets.xcassets; sourceTree = "<group>"; };
		525873EA1C76B511003E9DBB /* Base */ = {isa = PBXFileReference; lastKnownFileType = file.storyboard; name = Base; path = Base.lproj/Main.storyboard; sourceTree = "<group>"; };
		525873EC1C76B511003E9DBB /* Info.plist */ = {isa = PBXFileReference; lastKnownFileType = text.plist.xml; path = Info.plist; sourceTree = "<group>"; };
		525873F21C76CD5C003E9DBB /* KKWindow.swift */ = {isa = PBXFileReference; fileEncoding = 4; lastKnownFileType = sourcecode.swift; path = KKWindow.swift; sourceTree = "<group>"; };
		525873F41C76EA6D003E9DBB /* KKInstrument.swift */ = {isa = PBXFileReference; fileEncoding = 4; lastKnownFileType = sourcecode.swift; path = KKInstrument.swift; sourceTree = "<group>"; };
		525873F61C7B1B05003E9DBB /* KKPWMViewController.swift */ = {isa = PBXFileReference; fileEncoding = 4; lastKnownFileType = sourcecode.swift; path = KKPWMViewController.swift; sourceTree = "<group>"; };
		525873F81C7B1B77003E9DBB /* KKSawtoothViewController.swift */ = {isa = PBXFileReference; fileEncoding = 4; lastKnownFileType = sourcecode.swift; path = KKSawtoothViewController.swift; sourceTree = "<group>"; };
		525873FE1C7C3E65003E9DBB /* KKSineWaveViewController.swift */ = {isa = PBXFileReference; fileEncoding = 4; lastKnownFileType = sourcecode.swift; path = KKSineWaveViewController.swift; sourceTree = "<group>"; };
		525874001C7C4042003E9DBB /* KKTriangleViewController.swift */ = {isa = PBXFileReference; fileEncoding = 4; lastKnownFileType = sourcecode.swift; path = KKTriangleViewController.swift; sourceTree = "<group>"; };
		5F483E382052D6C869FC0991 /* Pods-KeyboardKeyboard.release.xcconfig */ = {isa = PBXFileReference; includeInIndex = 1; lastKnownFileType = text.xcconfig; name = "Pods-KeyboardKeyboard.release.xcconfig"; path = "Pods/Target Support Files/Pods-KeyboardKeyboard/Pods-KeyboardKeyboard.release.xcconfig"; sourceTree = "<group>"; };
		92B07BC4549A6F0B9058B200 /* libPods.a */ = {isa = PBXFileReference; explicitFileType = archive.ar; includeInIndex = 0; path = libPods.a; sourceTree = BUILT_PRODUCTS_DIR; };
		CB033B0FFDB5D5F8AEBDE9EC /* Pods.release.xcconfig */ = {isa = PBXFileReference; includeInIndex = 1; lastKnownFileType = text.xcconfig; name = Pods.release.xcconfig; path = "Pods/Target Support Files/Pods/Pods.release.xcconfig"; sourceTree = "<group>"; };
		F102D6D16A5453B3E1611F61 /* Pods_KeyboardKeyboard.framework */ = {isa = PBXFileReference; explicitFileType = wrapper.framework; includeInIndex = 0; path = Pods_KeyboardKeyboard.framework; sourceTree = BUILT_PRODUCTS_DIR; };
/* End PBXFileReference section */

/* Begin PBXFrameworksBuildPhase section */
		525873DD1C76B511003E9DBB /* Frameworks */ = {
			isa = PBXFrameworksBuildPhase;
			buildActionMask = 2147483647;
			files = (
				BA597A13CC64176D16E4B924 /* Pods_KeyboardKeyboard.framework in Frameworks */,
			);
			runOnlyForDeploymentPostprocessing = 0;
		};
/* End PBXFrameworksBuildPhase section */

/* Begin PBXGroup section */
		525873D71C76B511003E9DBB = {
			isa = PBXGroup;
			children = (
				525873E21C76B511003E9DBB /* KeyboardKeyboard */,
				525873E11C76B511003E9DBB /* Products */,
				8FD363396E71B86D47CFCBA7 /* Pods */,
				A059DDAFC3AFA9A97D6351F1 /* Frameworks */,
			);
			sourceTree = "<group>";
		};
		525873E11C76B511003E9DBB /* Products */ = {
			isa = PBXGroup;
			children = (
				525873E01C76B511003E9DBB /* KeyboardKeyboard.app */,
			);
			name = Products;
			sourceTree = "<group>";
		};
		525873E21C76B511003E9DBB /* KeyboardKeyboard */ = {
			isa = PBXGroup;
			children = (
				525873E31C76B511003E9DBB /* AppDelegate.swift */,
				525873F61C7B1B05003E9DBB /* KKPWMViewController.swift */,
				525873F81C7B1B77003E9DBB /* KKSawtoothViewController.swift */,
				525873FE1C7C3E65003E9DBB /* KKSineWaveViewController.swift */,
				525874001C7C4042003E9DBB /* KKTriangleViewController.swift */,
				525873F21C76CD5C003E9DBB /* KKWindow.swift */,
				525873F41C76EA6D003E9DBB /* KKInstrument.swift */,
				525873E71C76B511003E9DBB /* Assets.xcassets */,
				525873E91C76B511003E9DBB /* Main.storyboard */,
				525873EC1C76B511003E9DBB /* Info.plist */,
			);
			path = KeyboardKeyboard;
			sourceTree = "<group>";
		};
		8FD363396E71B86D47CFCBA7 /* Pods */ = {
			isa = PBXGroup;
			children = (
				05A38F40AA7BF3E80390D36B /* Pods.debug.xcconfig */,
				CB033B0FFDB5D5F8AEBDE9EC /* Pods.release.xcconfig */,
				37D59322E1720C7290938901 /* Pods-KeyboardKeyboard.debug.xcconfig */,
				5F483E382052D6C869FC0991 /* Pods-KeyboardKeyboard.release.xcconfig */,
			);
			name = Pods;
			sourceTree = "<group>";
		};
		A059DDAFC3AFA9A97D6351F1 /* Frameworks */ = {
			isa = PBXGroup;
			children = (
				92B07BC4549A6F0B9058B200 /* libPods.a */,
				F102D6D16A5453B3E1611F61 /* Pods_KeyboardKeyboard.framework */,
			);
			name = Frameworks;
			sourceTree = "<group>";
		};
/* End PBXGroup section */

/* Begin PBXNativeTarget section */
		525873DF1C76B511003E9DBB /* KeyboardKeyboard */ = {
			isa = PBXNativeTarget;
			buildConfigurationList = 525873EF1C76B511003E9DBB /* Build configuration list for PBXNativeTarget "KeyboardKeyboard" */;
			buildPhases = (
				9936428702C77C6B146E1796 /* [CP] Check Pods Manifest.lock */,
				525873DC1C76B511003E9DBB /* Sources */,
				525873DD1C76B511003E9DBB /* Frameworks */,
				525873DE1C76B511003E9DBB /* Resources */,
				7D0F750C332CECAFAB2D7DCB /* [CP] Embed Pods Frameworks */,
				D4A5CB65EB5767449B1F029A /* [CP] Copy Pods Resources */,
			);
			buildRules = (
			);
			dependencies = (
			);
			name = KeyboardKeyboard;
			productName = KeyboardKeyboard;
			productReference = 525873E01C76B511003E9DBB /* KeyboardKeyboard.app */;
			productType = "com.apple.product-type.application";
		};
/* End PBXNativeTarget section */

/* Begin PBXProject section */
		525873D81C76B511003E9DBB /* Project object */ = {
			isa = PBXProject;
			attributes = {
				LastSwiftUpdateCheck = 0720;
				LastUpgradeCheck = 0720;
				ORGANIZATIONNAME = TYKH;
				TargetAttributes = {
					525873DF1C76B511003E9DBB = {
						CreatedOnToolsVersion = 7.2.1;
						DevelopmentTeam = KN3N6ZJA53;
						LastSwiftMigration = 0820;
					};
				};
			};
			buildConfigurationList = 525873DB1C76B511003E9DBB /* Build configuration list for PBXProject "KeyboardKeyboard" */;
			compatibilityVersion = "Xcode 3.2";
			developmentRegion = English;
			hasScannedForEncodings = 0;
			knownRegions = (
				en,
				Base,
			);
			mainGroup = 525873D71C76B511003E9DBB;
			productRefGroup = 525873E11C76B511003E9DBB /* Products */;
			projectDirPath = "";
			projectRoot = "";
			targets = (
				525873DF1C76B511003E9DBB /* KeyboardKeyboard */,
			);
		};
/* End PBXProject section */

/* Begin PBXResourcesBuildPhase section */
		525873DE1C76B511003E9DBB /* Resources */ = {
			isa = PBXResourcesBuildPhase;
			buildActionMask = 2147483647;
			files = (
				525873E81C76B511003E9DBB /* Assets.xcassets in Resources */,
				525873EB1C76B511003E9DBB /* Main.storyboard in Resources */,
			);
			runOnlyForDeploymentPostprocessing = 0;
		};
/* End PBXResourcesBuildPhase section */

/* Begin PBXShellScriptBuildPhase section */
		7D0F750C332CECAFAB2D7DCB /* [CP] Embed Pods Frameworks */ = {
			isa = PBXShellScriptBuildPhase;
			buildActionMask = 2147483647;
			files = (
			);
			inputPaths = (
			);
			name = "[CP] Embed Pods Frameworks";
			outputPaths = (
			);
			runOnlyForDeploymentPostprocessing = 0;
			shellPath = /bin/sh;
			shellScript = "\"${SRCROOT}/Pods/Target Support Files/Pods-KeyboardKeyboard/Pods-KeyboardKeyboard-frameworks.sh\"\n";
			showEnvVarsInLog = 0;
		};
		9936428702C77C6B146E1796 /* [CP] Check Pods Manifest.lock */ = {
			isa = PBXShellScriptBuildPhase;
			buildActionMask = 2147483647;
			files = (
			);
			inputPaths = (
			);
			name = "[CP] Check Pods Manifest.lock";
			outputPaths = (
			);
			runOnlyForDeploymentPostprocessing = 0;
			shellPath = /bin/sh;
			shellScript = "diff \"${PODS_ROOT}/../Podfile.lock\" \"${PODS_ROOT}/Manifest.lock\" > /dev/null\nif [ $? != 0 ] ; then\n    # print error to STDERR\n    echo \"error: The sandbox is not in sync with the Podfile.lock. Run 'pod install' or update your CocoaPods installation.\" >&2\n    exit 1\nfi\n";
			showEnvVarsInLog = 0;
		};
		D4A5CB65EB5767449B1F029A /* [CP] Copy Pods Resources */ = {
			isa = PBXShellScriptBuildPhase;
			buildActionMask = 2147483647;
			files = (
			);
			inputPaths = (
			);
			name = "[CP] Copy Pods Resources";
			outputPaths = (
			);
			runOnlyForDeploymentPostprocessing = 0;
			shellPath = /bin/sh;
			shellScript = "\"${SRCROOT}/Pods/Target Support Files/Pods-KeyboardKeyboard/Pods-KeyboardKeyboard-resources.sh\"\n";
			showEnvVarsInLog = 0;
		};
/* End PBXShellScriptBuildPhase section */

/* Begin PBXSourcesBuildPhase section */
		525873DC1C76B511003E9DBB /* Sources */ = {
			isa = PBXSourcesBuildPhase;
			buildActionMask = 2147483647;
			files = (
				525873F91C7B1B77003E9DBB /* KKSawtoothViewController.swift in Sources */,
				525873F51C76EA6D003E9DBB /* KKInstrument.swift in Sources */,
				525873F71C7B1B05003E9DBB /* KKPWMViewController.swift in Sources */,
				525873E41C76B511003E9DBB /* AppDelegate.swift in Sources */,
				525873FF1C7C3E65003E9DBB /* KKSineWaveViewController.swift in Sources */,
				525873F31C76CD5C003E9DBB /* KKWindow.swift in Sources */,
				525874011C7C4042003E9DBB /* KKTriangleViewController.swift in Sources */,
			);
			runOnlyForDeploymentPostprocessing = 0;
		};
/* End PBXSourcesBuildPhase section */

/* Begin PBXVariantGroup section */
		525873E91C76B511003E9DBB /* Main.storyboard */ = {
			isa = PBXVariantGroup;
			children = (
				525873EA1C76B511003E9DBB /* Base */,
			);
			name = Main.storyboard;
			sourceTree = "<group>";
		};
/* End PBXVariantGroup section */

/* Begin XCBuildConfiguration section */
		525873ED1C76B511003E9DBB /* Debug */ = {
			isa = XCBuildConfiguration;
			buildSettings = {
				ALWAYS_SEARCH_USER_PATHS = NO;
				CLANG_CXX_LANGUAGE_STANDARD = "gnu++0x";
				CLANG_CXX_LIBRARY = "libc++";
				CLANG_ENABLE_MODULES = YES;
				CLANG_ENABLE_OBJC_ARC = YES;
				CLANG_WARN_BOOL_CONVERSION = YES;
				CLANG_WARN_CONSTANT_CONVERSION = YES;
				CLANG_WARN_DIRECT_OBJC_ISA_USAGE = YES_ERROR;
				CLANG_WARN_EMPTY_BODY = YES;
				CLANG_WARN_ENUM_CONVERSION = YES;
				CLANG_WARN_INT_CONVERSION = YES;
				CLANG_WARN_OBJC_ROOT_CLASS = YES_ERROR;
				CLANG_WARN_UNREACHABLE_CODE = YES;
				CLANG_WARN__DUPLICATE_METHOD_MATCH = YES;
				CODE_SIGN_IDENTITY = "-";
				COPY_PHASE_STRIP = NO;
				DEBUG_INFORMATION_FORMAT = dwarf;
				ENABLE_STRICT_OBJC_MSGSEND = YES;
				ENABLE_TESTABILITY = YES;
				GCC_C_LANGUAGE_STANDARD = gnu99;
				GCC_DYNAMIC_NO_PIC = NO;
				GCC_NO_COMMON_BLOCKS = YES;
				GCC_OPTIMIZATION_LEVEL = 0;
				GCC_PREPROCESSOR_DEFINITIONS = (
					"DEBUG=1",
					"$(inherited)",
				);
				GCC_WARN_64_TO_32_BIT_CONVERSION = YES;
				GCC_WARN_ABOUT_RETURN_TYPE = YES_ERROR;
				GCC_WARN_UNDECLARED_SELECTOR = YES;
				GCC_WARN_UNINITIALIZED_AUTOS = YES_AGGRESSIVE;
				GCC_WARN_UNUSED_FUNCTION = YES;
				GCC_WARN_UNUSED_VARIABLE = YES;
				MACOSX_DEPLOYMENT_TARGET = 10.11;
				MTL_ENABLE_DEBUG_INFO = YES;
				ONLY_ACTIVE_ARCH = YES;
				SDKROOT = macosx;
				SWIFT_OPTIMIZATION_LEVEL = "-Onone";
			};
			name = Debug;
		};
		525873EE1C76B511003E9DBB /* Release */ = {
			isa = XCBuildConfiguration;
			buildSettings = {
				ALWAYS_SEARCH_USER_PATHS = NO;
				CLANG_CXX_LANGUAGE_STANDARD = "gnu++0x";
				CLANG_CXX_LIBRARY = "libc++";
				CLANG_ENABLE_MODULES = YES;
				CLANG_ENABLE_OBJC_ARC = YES;
				CLANG_WARN_BOOL_CONVERSION = YES;
				CLANG_WARN_CONSTANT_CONVERSION = YES;
				CLANG_WARN_DIRECT_OBJC_ISA_USAGE = YES_ERROR;
				CLANG_WARN_EMPTY_BODY = YES;
				CLANG_WARN_ENUM_CONVERSION = YES;
				CLANG_WARN_INT_CONVERSION = YES;
				CLANG_WARN_OBJC_ROOT_CLASS = YES_ERROR;
				CLANG_WARN_UNREACHABLE_CODE = YES;
				CLANG_WARN__DUPLICATE_METHOD_MATCH = YES;
				CODE_SIGN_IDENTITY = "-";
				COPY_PHASE_STRIP = NO;
				DEBUG_INFORMATION_FORMAT = "dwarf-with-dsym";
				ENABLE_NS_ASSERTIONS = NO;
				ENABLE_STRICT_OBJC_MSGSEND = YES;
				GCC_C_LANGUAGE_STANDARD = gnu99;
				GCC_NO_COMMON_BLOCKS = YES;
				GCC_WARN_64_TO_32_BIT_CONVERSION = YES;
				GCC_WARN_ABOUT_RETURN_TYPE = YES_ERROR;
				GCC_WARN_UNDECLARED_SELECTOR = YES;
				GCC_WARN_UNINITIALIZED_AUTOS = YES_AGGRESSIVE;
				GCC_WARN_UNUSED_FUNCTION = YES;
				GCC_WARN_UNUSED_VARIABLE = YES;
				MACOSX_DEPLOYMENT_TARGET = 10.11;
				MTL_ENABLE_DEBUG_INFO = NO;
				SDKROOT = macosx;
			};
			name = Release;
		};
		525873F01C76B511003E9DBB /* Debug */ = {
			isa = XCBuildConfiguration;
			baseConfigurationReference = 37D59322E1720C7290938901 /* Pods-KeyboardKeyboard.debug.xcconfig */;
			buildSettings = {
				ASSETCATALOG_COMPILER_APPICON_NAME = AppIcon;
				CODE_SIGN_IDENTITY = "";
				COMBINE_HIDPI_IMAGES = YES;
				INFOPLIST_FILE = KeyboardKeyboard/Info.plist;
				LD_RUNPATH_SEARCH_PATHS = "$(inherited) @executable_path/../Frameworks";
				PRODUCT_BUNDLE_IDENTIFIER = TYKH.KeyboardKeyboard;
				PRODUCT_NAME = "$(TARGET_NAME)";
				PROVISIONING_PROFILE = "";
				SWIFT_VERSION = 3.0;
			};
			name = Debug;
		};
		525873F11C76B511003E9DBB /* Release */ = {
			isa = XCBuildConfiguration;
			baseConfigurationReference = 5F483E382052D6C869FC0991 /* Pods-KeyboardKeyboard.release.xcconfig */;
			buildSettings = {
				ASSETCATALOG_COMPILER_APPICON_NAME = AppIcon;
				CODE_SIGN_IDENTITY = "";
				COMBINE_HIDPI_IMAGES = YES;
				INFOPLIST_FILE = KeyboardKeyboard/Info.plist;
				LD_RUNPATH_SEARCH_PATHS = "$(inherited) @executable_path/../Frameworks";
				PRODUCT_BUNDLE_IDENTIFIER = TYKH.KeyboardKeyboard;
				PRODUCT_NAME = "$(TARGET_NAME)";
				PROVISIONING_PROFILE = "";
				SWIFT_VERSION = 3.0;
			};
			name = Release;
		};
/* End XCBuildConfiguration section */

/* Begin XCConfigurationList section */
		525873DB1C76B511003E9DBB /* Build configuration list for PBXProject "KeyboardKeyboard" */ = {
			isa = XCConfigurationList;
			buildConfigurations = (
				525873ED1C76B511003E9DBB /* Debug */,
				525873EE1C76B511003E9DBB /* Release */,
			);
			defaultConfigurationIsVisible = 0;
			defaultConfigurationName = Release;
		};
		525873EF1C76B511003E9DBB /* Build configuration list for PBXNativeTarget "KeyboardKeyboard" */ = {
			isa = XCConfigurationList;
			buildConfigurations = (
				525873F01C76B511003E9DBB /* Debug */,
				525873F11C76B511003E9DBB /* Release */,
			);
			defaultConfigurationIsVisible = 0;
			defaultConfigurationName = Release;
		};
/* End XCConfigurationList section */
	};
	rootObject = 525873D81C76B511003E9DBB /* Project object */;
}
