PODS:
  - AudioKit (4.7.2):
    - AudioKit/Core (= 4.7.2)
    - AudioKit/UI (= 4.7.2)
  - AudioKit/Core (4.7.2)
  - AudioKit/UI (4.7.2):
    - AudioKit/Core
  - SnapKit (5.0.0)

DEPENDENCIES:
  - AudioKit
  - SnapKit

SPEC REPOS:
  https://github.com/cocoapods/specs.git:
    - AudioKit
    - SnapKit

SPEC CHECKSUMS:
  AudioKit: ee4ab79e2fffe42e52b8fd8d214eaaea968c368e
  SnapKit: fd22d10eb9aff484d79a8724eab922c1ddf89bcf

PODFILE CHECKSUM: 5e2d706e9d28ee8b35ac752a238bfa052690333b

COCOAPODS: 1.6.1
